[[package]]
name = "certifi"
version = "2022.9.14"
requires_python = ">=3.6"
summary = "Python package for providing Mozilla's CA Bundle."

[[package]]
name = "charset-normalizer"
version = "2.1.1"
requires_python = ">=3.6.0"
summary = "The Real First Universal Charset Detector. Open, modern and actively maintained alternative to Chardet."

[[package]]
name = "colorama"
version = "0.4.5"
requires_python = ">=2.7, !=3.0.*, !=3.1.*, !=3.2.*, !=3.3.*, !=3.4.*"
summary = "Cross-platform colored terminal text."

[[package]]
name = "commonmark"
version = "0.9.1"
summary = "Python parser for the CommonMark Markdown spec"

[[package]]
name = "idna"
version = "3.4"
requires_python = ">=3.5"
summary = "Internationalized Domain Names in Applications (IDNA)"

[[package]]
name = "pretty-errors"
version = "1.2.25"
summary = "Prettifies Python exception output to make it legible."
dependencies = [
    "colorama",
]

[[package]]
name = "pygments"
version = "2.13.0"
requires_python = ">=3.6"
summary = "Pygments is a syntax highlighting package written in Python."

[[package]]
name = "requests"
version = "2.28.1"
requires_python = ">=3.7, <4"
summary = "Python HTTP for Humans."
dependencies = [
    "certifi>=2017.4.17",
    "charset-normalizer<3,>=2",
    "idna<4,>=2.5",
    "urllib3<1.27,>=1.21.1",
]

[[package]]
name = "rich"
version = "12.5.1"
requires_python = ">=3.6.3,<4.0.0"
summary = "Render rich text, tables, progress bars, syntax highlighting, markdown and more to the terminal"
dependencies = [
    "commonmark<0.10.0,>=0.9.0",
    "pygments<3.0.0,>=2.6.0",
]

[[package]]
name = "urllib3"
version = "1.26.12"
requires_python = ">=2.7, !=3.0.*, !=3.1.*, !=3.2.*, !=3.3.*, !=3.4.*, !=3.5.*, <4"
summary = "HTTP library with thread-safe connection pooling, file post, and more."

[metadata]
lock_version = "4.0"
content_hash = "sha256:9878906c0c54f07f27fdfa1fa9755a6a5fdfb0a216e134a6e7bca3deb1bdd74f"

[metadata.files]
"certifi 2022.9.14" = [
    {url = "https://files.pythonhosted.org/packages/6a/34/cd29f4dd8a23ce45f2b8ce9631ff2d4205fb74eddb412a3dc4fd1e4aa800/certifi-2022.9.14-py3-none-any.whl", hash = "sha256:e232343de1ab72c2aa521b625c80f699e356830fd0e2c620b465b304b17b0516"},
    {url = "https://files.pythonhosted.org/packages/ca/48/88ec470f8b68319b6782ca3a0570789886ad5ca24c1af2f3771699135baa/certifi-2022.9.14.tar.gz", hash = "sha256:36973885b9542e6bd01dea287b2b4b3b21236307c56324fcc3f1160f2d655ed5"},
]
"charset-normalizer 2.1.1" = [
    {url = "https://files.pythonhosted.org/packages/a1/34/44964211e5410b051e4b8d2869c470ae8a68ae274953b1c7de6d98bbcf94/charset-normalizer-2.1.1.tar.gz", hash = "sha256:5a3d016c7c547f69d6f81fb0db9449ce888b418b5b9952cc5e6e66843e9dd845"},
    {url = "https://files.pythonhosted.org/packages/db/51/a507c856293ab05cdc1db77ff4bc1268ddd39f29e7dc4919aa497f0adbec/charset_normalizer-2.1.1-py3-none-any.whl", hash = "sha256:83e9a75d1911279afd89352c68b45348559d1fc0506b054b346651b5e7fee29f"},
]
"colorama 0.4.5" = [
    {url = "https://files.pythonhosted.org/packages/2b/65/24d033a9325ce42ccbfa3ca2d0866c7e89cc68e5b9d92ecaba9feef631df/colorama-0.4.5.tar.gz", hash = "sha256:e6c6b4334fc50988a639d9b98aa429a0b57da6e17b9a44f0451f930b6967b7a4"},
    {url = "https://files.pythonhosted.org/packages/77/8b/7550e87b2d308a1b711725dfaddc19c695f8c5fa413c640b2be01662f4e6/colorama-0.4.5-py2.py3-none-any.whl", hash = "sha256:854bf444933e37f5824ae7bfc1e98d5bce2ebe4160d46b5edf346a89358e99da"},
]
"commonmark 0.9.1" = [
    {url = "https://files.pythonhosted.org/packages/60/48/a60f593447e8f0894ebb7f6e6c1f25dafc5e89c5879fdc9360ae93ff83f0/commonmark-0.9.1.tar.gz", hash = "sha256:452f9dc859be7f06631ddcb328b6919c67984aca654e5fefb3914d54691aed60"},
    {url = "https://files.pythonhosted.org/packages/b1/92/dfd892312d822f36c55366118b95d914e5f16de11044a27cf10a7d71bbbf/commonmark-0.9.1-py2.py3-none-any.whl", hash = "sha256:da2f38c92590f83de410ba1a3cbceafbc74fee9def35f9251ba9a971d6d66fd9"},
]
"idna 3.4" = [
    {url = "https://files.pythonhosted.org/packages/8b/e1/43beb3d38dba6cb420cefa297822eac205a277ab43e5ba5d5c46faf96438/idna-3.4.tar.gz", hash = "sha256:814f528e8dead7d329833b91c5faa87d60bf71824cd12a7530b5526063d02cb4"},
    {url = "https://files.pythonhosted.org/packages/fc/34/3030de6f1370931b9dbb4dad48f6ab1015ab1d32447850b9fc94e60097be/idna-3.4-py3-none-any.whl", hash = "sha256:90b77e79eaa3eba6de819a0c442c0b4ceefc341a7a2ab77d7562bf49f425c5c2"},
]
"pretty-errors 1.2.25" = [
    {url = "https://files.pythonhosted.org/packages/6d/8e/2df7467a15eae40e26c476683962fdb810cd1b36676603e2f139b4abbeaf/pretty_errors-1.2.25-py3-none-any.whl", hash = "sha256:8ce68ccd99e0f2a099265c8c1f1c23b7c60a15d69bb08816cb336e237d5dc983"},
    {url = "https://files.pythonhosted.org/packages/c8/a7/823f451d48726729b4983072aad7c442f4c02fbaec04b71c1f4c03993964/pretty_errors-1.2.25.tar.gz", hash = "sha256:a16ba5c752c87c263bf92f8b4b58624e3b1e29271a9391f564f12b86e93c6755"},
]
"pygments 2.13.0" = [
    {url = "https://files.pythonhosted.org/packages/4f/82/672cd382e5b39ab1cd422a672382f08a1fb3d08d9e0c0f3707f33a52063b/Pygments-2.13.0-py3-none-any.whl", hash = "sha256:f643f331ab57ba3c9d89212ee4a2dabc6e94f117cf4eefde99a0574720d14c42"},
    {url = "https://files.pythonhosted.org/packages/e0/ef/5905cd3642f2337d44143529c941cc3a02e5af16f0f65f81cbef7af452bb/Pygments-2.13.0.tar.gz", hash = "sha256:56a8508ae95f98e2b9bdf93a6be5ae3f7d8af858b43e02c5a2ff083726be40c1"},
]
"requests 2.28.1" = [
    {url = "https://files.pythonhosted.org/packages/a5/61/a867851fd5ab77277495a8709ddda0861b28163c4613b011bc00228cc724/requests-2.28.1.tar.gz", hash = "sha256:7c5599b102feddaa661c826c56ab4fee28bfd17f5abca1ebbe3e7f19d7c97983"},
    {url = "https://files.pythonhosted.org/packages/ca/91/6d9b8ccacd0412c08820f72cebaa4f0c0441b5cda699c90f618b6f8a1b42/requests-2.28.1-py3-none-any.whl", hash = "sha256:8fefa2a1a1365bf5520aac41836fbee479da67864514bdb821f31ce07ce65349"},
]
"rich 12.5.1" = [
    {url = "https://files.pythonhosted.org/packages/bb/2d/c902484141330ded63c6c40d66a9725f8da5e818770f67241cf429eef825/rich-12.5.1.tar.gz", hash = "sha256:63a5c5ce3673d3d5fbbf23cd87e11ab84b6b451436f1b7f19ec54b6bc36ed7ca"},
    {url = "https://files.pythonhosted.org/packages/f6/39/4cb526e0d505464376e3c47a812df6e6638363ebe66e6a63618831fe47ad/rich-12.5.1-py3-none-any.whl", hash = "sha256:2eb4e6894cde1e017976d2975ac210ef515d7548bc595ba20e195fb9628acdeb"},
]
"urllib3 1.26.12" = [
    {url = "https://files.pythonhosted.org/packages/6f/de/5be2e3eed8426f871b170663333a0f627fc2924cc386cd41be065e7ea870/urllib3-1.26.12-py2.py3-none-any.whl", hash = "sha256:b930dd878d5a8afb066a637fbb35144fe7901e3b209d1cd4f524bd0e9deee997"},
    {url = "https://files.pythonhosted.org/packages/b2/56/d87d6d3c4121c0bcec116919350ca05dc3afd2eeb7dc88d07e8083f8ea94/urllib3-1.26.12.tar.gz", hash = "sha256:3fa96cf423e6987997fc326ae8df396db2a8b7c667747d47ddd8ecba91f4a74e"},
]
